%{"bunt": {:hex, :bunt, "0.1.4"},
  "certifi": {:hex, :certifi, "2.0.0", "a0c0e475107135f76b8c1d5bc7efb33cd3815cb3cf3dea7aefdd174dabead064", [:rebar3], []},
  "credo": {:hex, :credo, "0.1.10"},
  "decimal": {:hex, :decimal, "1.2.0", "462960fd71af282e570f7b477f6be56bf8968e68277d4d0b641a635269bf4b0d", [:mix], []},
  "earmark": {:hex, :earmark, "1.2.3", "206eb2e2ac1a794aa5256f3982de7a76bf4579ff91cb28d0e17ea2c9491e46a4", [:mix], []},
  "ex_doc": {:hex, :ex_doc, "0.17.1", "39f777415e769992e6732d9589dc5846ea587f01412241f4a774664c746affbb", [:mix], [{:earmark, "~> 1.1", [hex: :earmark, optional: false]}]},
  "gen_stage": {:hex, :gen_stage, "0.12.2", "e0e347cbb1ceb5f4e68a526aec4d64b54ad721f0a8b30aa9d28e0ad749419cbb", [:mix], []},
  "hackney": {:hex, :hackney, "1.9.0", "51c506afc0a365868469dcfc79a9d0b94d896ec741cfd5bd338f49a5ec515bfe", [:rebar3], [{:certifi, "2.0.0", [hex: :certifi, optional: false]}, {:idna, "5.1.0", [hex: :idna, optional: false]}, {:metrics, "1.0.1", [hex: :metrics, optional: false]}, {:mimerl, "1.0.2", [hex: :mimerl, optional: false]}, {:ssl_verify_fun, "1.1.1", [hex: :ssl_verify_fun, optional: false]}]},
  "httpoison": {:hex, :httpoison, "0.13.0", "bfaf44d9f133a6599886720f3937a7699466d23bb0cd7a88b6ba011f53c6f562", [:mix], [{:hackney, "~> 1.8", [hex: :hackney, optional: false]}]},
  "idna": {:hex, :idna, "5.1.0", "d72b4effeb324ad5da3cab1767cb16b17939004e789d8c0ad5b70f3cea20c89a", [:rebar3], [{:unicode_util_compat, "0.3.1", [hex: :unicode_util_compat, optional: false]}]},
  "math": {:hex, :math, "0.2.0", "e7d94733ef0f3a9051a7de58a8f30aa13bee4c7824020580a39dd19174f9cadc", [:mix], []},
  "metrics": {:hex, :metrics, "1.0.1", "25f094dea2cda98213cecc3aeff09e940299d950904393b2a29d191c346a8486", [:rebar3], []},
  "mimerl": {:hex, :mimerl, "1.0.2", "993f9b0e084083405ed8252b99460c4f0563e41729ab42d9074fd5e52439be88", [:rebar3], []},
  "mimetype_parser": {:hex, :mimetype_parser, "0.1.2", "221d2d3f727e89d80de5e1610fc2ce444514aa56f873da1b8fc9c033143e5d6a", [:mix], []},
  "oauth2": {:hex, :oauth2, "0.9.1", "cac86d87f35ec835bfe4c791263bdb88c0d8bf1617d64f555ede4e9d913e35ef", [:mix], [{:hackney, "~> 1.7", [hex: :hackney, optional: false]}]},
  "oauther": {:hex, :oauther, "1.1.0", "c9a56e200507ce64e069f5273143db0cddd7904cd5d1fe46920388a48f22441b", [:mix], []},
  "poison": {:hex, :poison, "3.1.0", "d9eb636610e096f86f25d9a46f35a9facac35609a7591b3be3326e99a0484665", [:mix], []},
  "poolboy": {:hex, :poolboy, "1.5.1", "6b46163901cfd0a1b43d692657ed9d7e599853b3b21b95ae5ae0a777cf9b6ca8", [:rebar], []},
  "ssl_verify_fun": {:hex, :ssl_verify_fun, "1.1.1", "28a4d65b7f59893bc2c7de786dec1e1555bd742d336043fe644ae956c3497fbe", [:make, :rebar], []},
  "ssl_verify_hostname": {:hex, :ssl_verify_hostname, "1.0.5"},
  "stemmer": {:hex, :stemmer, "1.0.1", "9a8dd7824caf0980c2289678f2d94e526d072cb2048744b3956a5fbe41bd56e7", [:mix], []},
  "stream_runner": {:hex, :stream_runner, "1.1.0"},
  "unicode_util_compat": {:hex, :unicode_util_compat, "0.3.1", "a1f612a7b512638634a603c8f401892afbf99b8ce93a45041f8aaca99cadb85e", [:rebar3], []}}
